
Microsoft Visual Studio Solution File, Format Version 12.00
# Visual Studio Version 17
VisualStudioVersion = 17.11.35303.130
MinimumVisualStudioVersion = 10.0.40219.1
Project("{2150E333-8FDC-42A3-9474-1A3956D46DE8}") = "Task0", "Task0", "{35371193-9BDB-40BE-9101-CD1469ACF4FC}"
EndProject
Project("{9A19103F-16F7-4668-BE54-9A1E7A4F7556}") = "Tyuiu.KovyazinAA.Sprint1.Task0.V13", "Tyuiu.KovyazinAA.Sprint1.Task0.V13\Tyuiu.KovyazinAA.Sprint1.Task0.V13.csproj", "{74A1F2D1-A9FB-4ECD-BC71-C571593C7C28}"
EndProject
Project("{9A19103F-16F7-4668-BE54-9A1E7A4F7556}") = "Tyuiu.KovyazinAA.Sprint1.Task0.V13.Lib", "Tyuiu.KovyazinAA.Sprint1.Task0.V13.Lib\Tyuiu.KovyazinAA.Sprint1.Task0.V13.Lib.csproj", "{759C344E-5128-4006-8AEB-39379FE28726}"
EndProject
Project("{9A19103F-16F7-4668-BE54-9A1E7A4F7556}") = "Tyuiu.KovyazinAA.Sprint1.Task0.V13.Test", "Tyuiu.KovyazinAA.Sprint1.Task0.V13.Test\Tyuiu.KovyazinAA.Sprint1.Task0.V13.Test.csproj", "{03E1AA72-31D0-4B08-8A81-276A4D6B3A6B}"
EndProject
Project("{2150E333-8FDC-42A3-9474-1A3956D46DE8}") = "Task1", "Task1", "{1D07ED07-992B-4BF7-BF11-DBAE2E894ABE}"
EndProject
Project("{9A19103F-16F7-4668-BE54-9A1E7A4F7556}") = "Tyuiu.KovyazinAA.Sprint1.Task1.V26", "Tyuiu.KovyazinAA.Sprint1.Task1.V26\Tyuiu.KovyazinAA.Sprint1.Task1.V26.csproj", "{133047D9-F643-4BDB-B900-F461BAD805CE}"
EndProject
Project("{9A19103F-16F7-4668-BE54-9A1E7A4F7556}") = "Tyuiu.KovyazinAA.Sprint1.Task1.V26.Lib", "Tyuiu.KovyazinAA.Sprint1.Task1.V26.Lib\Tyuiu.KovyazinAA.Sprint1.Task1.V26.Lib.csproj", "{777C6EFC-0EBA-41DE-B5AA-753C1B2935D8}"
EndProject
Project("{9A19103F-16F7-4668-BE54-9A1E7A4F7556}") = "Tyuiu.KovyazinAA.Sprint1.Task1.V26.Test", "Tyuiu.KovyazinAA.Sprint1.Task1.V26.Test\Tyuiu.KovyazinAA.Sprint1.Task1.V26.Test.csproj", "{EABE75AB-545C-480A-AA4C-381AAF728EBA}"
EndProject
Project("{2150E333-8FDC-42A3-9474-1A3956D46DE8}") = "Task2", "Task2", "{DCC0DDCF-6CA0-4F2D-9BF9-3870860E0186}"
EndProject
Project("{FAE04EC0-301F-11D3-BF4B-00C04F79EFBC}") = "Tyuiu.KovyazinAA.Sprint1.Task2.V17", "Tyuiu.KovyazinAA.Sprint1.Task2.V17\Tyuiu.KovyazinAA.Sprint1.Task2.V17.csproj", "{06D5DFBA-5673-4497-A52E-E8DB8AEB2883}"
EndProject
Project("{FAE04EC0-301F-11D3-BF4B-00C04F79EFBC}") = "Tyuiu.KovyazinAA.Sprint1.Task2.V17.Lib", "Tyuiu.KovyazinAA.Sprint1.Task2.V17.Lib\Tyuiu.KovyazinAA.Sprint1.Task2.V17.Lib.csproj", "{A2FA1117-1D66-4BE3-BA42-A34552100112}"
EndProject
Project("{FAE04EC0-301F-11D3-BF4B-00C04F79EFBC}") = "Tyuiu.KovyazinAA.Sprint1.Task2.V17.Test", "Tyuiu.KovyazinAA.Sprint1.Task2.V17.Test\Tyuiu.KovyazinAA.Sprint1.Task2.V17.Test.csproj", "{C2867D18-8988-438E-9B71-E2D5D1FC67A4}"
EndProject
Project("{2150E333-8FDC-42A3-9474-1A3956D46DE8}") = "Task3", "Task3", "{C8EC5F5A-6C15-4BD1-A795-5BBD63D91CA2}"
EndProject
Project("{FAE04EC0-301F-11D3-BF4B-00C04F79EFBC}") = "Tyuiu.KovyazinAA.Sprint1.Task3.V6", "Tyuiu.KovyazinAA.Sprint1.Task3.V6\Tyuiu.KovyazinAA.Sprint1.Task3.V6.csproj", "{3085C9D4-966F-4837-9193-DA1182AF4636}"
EndProject
Project("{FAE04EC0-301F-11D3-BF4B-00C04F79EFBC}") = "Tyuiu.KovyazinAA.Sprint1.Task3.V6.Lib", "Tyuiu.KovyazinAA.Sprint1.Task3.V6.Lib\Tyuiu.KovyazinAA.Sprint1.Task3.V6.Lib.csproj", "{27DEDE5D-5478-4559-A4F8-2D445779D0C1}"
EndProject
Project("{FAE04EC0-301F-11D3-BF4B-00C04F79EFBC}") = "Tyuiu.KovyazinAA.Sprint1.Task3.V6.Test", "Tyuiu.KovyazinAA.Sprint1.Task3.V6.Test\Tyuiu.KovyazinAA.Sprint1.Task3.V6.Test.csproj", "{301F0B7B-2AED-42DE-A71F-B6D643CBECBA}"
EndProject
Project("{2150E333-8FDC-42A3-9474-1A3956D46DE8}") = "Task4", "Task4", "{23D6AF1C-C97D-41FB-8ECD-4B8D2A2A7D92}"
EndProject
Project("{FAE04EC0-301F-11D3-BF4B-00C04F79EFBC}") = "Tyuiu.KovyazinAA.Sprint1.Task4.V13", "Tyuiu.KovyazinAA.Sprint1.Task4.V13\Tyuiu.KovyazinAA.Sprint1.Task4.V13.csproj", "{05980D8B-FF15-46EC-9B23-D5DC50E5AAF5}"
EndProject
Project("{FAE04EC0-301F-11D3-BF4B-00C04F79EFBC}") = "Tyuiu.KovyazinAA.Sprint1.Task4.V13.Lib", "Tyuiu.KovyazinAA.Sprint1.Task4.V13.Lib\Tyuiu.KovyazinAA.Sprint1.Task4.V13.Lib.csproj", "{E00A1F9B-3205-4AA7-A865-D54C1B2BF9C6}"
EndProject
Project("{FAE04EC0-301F-11D3-BF4B-00C04F79EFBC}") = "Tyuiu.KovyazinAA.Sprint1.Task4.V13.Test", "Tyuiu.KovyazinAA.Sprint1.Task4.V13.Test\Tyuiu.KovyazinAA.Sprint1.Task4.V13.Test.csproj", "{28AA1FD9-E4A3-4B41-B853-2BE474D1F389}"
EndProject
Global
	GlobalSection(SolutionConfigurationPlatforms) = preSolution
		Debug|Any CPU = Debug|Any CPU
		Release|Any CPU = Release|Any CPU
	EndGlobalSection
	GlobalSection(ProjectConfigurationPlatforms) = postSolution
		{74A1F2D1-A9FB-4ECD-BC71-C571593C7C28}.Debug|Any CPU.ActiveCfg = Debug|Any CPU
		{74A1F2D1-A9FB-4ECD-BC71-C571593C7C28}.Debug|Any CPU.Build.0 = Debug|Any CPU
		{74A1F2D1-A9FB-4ECD-BC71-C571593C7C28}.Release|Any CPU.ActiveCfg = Release|Any CPU
		{74A1F2D1-A9FB-4ECD-BC71-C571593C7C28}.Release|Any CPU.Build.0 = Release|Any CPU
		{759C344E-5128-4006-8AEB-39379FE28726}.Debug|Any CPU.ActiveCfg = Debug|Any CPU
		{759C344E-5128-4006-8AEB-39379FE28726}.Debug|Any CPU.Build.0 = Debug|Any CPU
		{759C344E-5128-4006-8AEB-39379FE28726}.Release|Any CPU.ActiveCfg = Release|Any CPU
		{759C344E-5128-4006-8AEB-39379FE28726}.Release|Any CPU.Build.0 = Release|Any CPU
		{03E1AA72-31D0-4B08-8A81-276A4D6B3A6B}.Debug|Any CPU.ActiveCfg = Debug|Any CPU
		{03E1AA72-31D0-4B08-8A81-276A4D6B3A6B}.Debug|Any CPU.Build.0 = Debug|Any CPU
		{03E1AA72-31D0-4B08-8A81-276A4D6B3A6B}.Release|Any CPU.ActiveCfg = Release|Any CPU
		{03E1AA72-31D0-4B08-8A81-276A4D6B3A6B}.Release|Any CPU.Build.0 = Release|Any CPU
		{133047D9-F643-4BDB-B900-F461BAD805CE}.Debug|Any CPU.ActiveCfg = Debug|Any CPU
		{133047D9-F643-4BDB-B900-F461BAD805CE}.Debug|Any CPU.Build.0 = Debug|Any CPU
		{133047D9-F643-4BDB-B900-F461BAD805CE}.Release|Any CPU.ActiveCfg = Release|Any CPU
		{133047D9-F643-4BDB-B900-F461BAD805CE}.Release|Any CPU.Build.0 = Release|Any CPU
		{777C6EFC-0EBA-41DE-B5AA-753C1B2935D8}.Debug|Any CPU.ActiveCfg = Debug|Any CPU
		{777C6EFC-0EBA-41DE-B5AA-753C1B2935D8}.Debug|Any CPU.Build.0 = Debug|Any CPU
		{777C6EFC-0EBA-41DE-B5AA-753C1B2935D8}.Release|Any CPU.ActiveCfg = Release|Any CPU
		{777C6EFC-0EBA-41DE-B5AA-753C1B2935D8}.Release|Any CPU.Build.0 = Release|Any CPU
		{EABE75AB-545C-480A-AA4C-381AAF728EBA}.Debug|Any CPU.ActiveCfg = Debug|Any CPU
		{EABE75AB-545C-480A-AA4C-381AAF728EBA}.Debug|Any CPU.Build.0 = Debug|Any CPU
		{EABE75AB-545C-480A-AA4C-381AAF728EBA}.Release|Any CPU.ActiveCfg = Release|Any CPU
		{EABE75AB-545C-480A-AA4C-381AAF728EBA}.Release|Any CPU.Build.0 = Release|Any CPU
		{06D5DFBA-5673-4497-A52E-E8DB8AEB2883}.Debug|Any CPU.ActiveCfg = Debug|Any CPU
		{06D5DFBA-5673-4497-A52E-E8DB8AEB2883}.Debug|Any CPU.Build.0 = Debug|Any CPU
		{06D5DFBA-5673-4497-A52E-E8DB8AEB2883}.Release|Any CPU.ActiveCfg = Release|Any CPU
		{06D5DFBA-5673-4497-A52E-E8DB8AEB2883}.Release|Any CPU.Build.0 = Release|Any CPU
		{A2FA1117-1D66-4BE3-BA42-A34552100112}.Debug|Any CPU.ActiveCfg = Debug|Any CPU
		{A2FA1117-1D66-4BE3-BA42-A34552100112}.Debug|Any CPU.Build.0 = Debug|Any CPU
		{A2FA1117-1D66-4BE3-BA42-A34552100112}.Release|Any CPU.ActiveCfg = Release|Any CPU
		{A2FA1117-1D66-4BE3-BA42-A34552100112}.Release|Any CPU.Build.0 = Release|Any CPU
		{C2867D18-8988-438E-9B71-E2D5D1FC67A4}.Debug|Any CPU.ActiveCfg = Debug|Any CPU
		{C2867D18-8988-438E-9B71-E2D5D1FC67A4}.Debug|Any CPU.Build.0 = Debug|Any CPU
		{C2867D18-8988-438E-9B71-E2D5D1FC67A4}.Release|Any CPU.ActiveCfg = Release|Any CPU
		{C2867D18-8988-438E-9B71-E2D5D1FC67A4}.Release|Any CPU.Build.0 = Release|Any CPU
		{3085C9D4-966F-4837-9193-DA1182AF4636}.Debug|Any CPU.ActiveCfg = Debug|Any CPU
		{3085C9D4-966F-4837-9193-DA1182AF4636}.Debug|Any CPU.Build.0 = Debug|Any CPU
		{3085C9D4-966F-4837-9193-DA1182AF4636}.Release|Any CPU.ActiveCfg = Release|Any CPU
		{3085C9D4-966F-4837-9193-DA1182AF4636}.Release|Any CPU.Build.0 = Release|Any CPU
		{27DEDE5D-5478-4559-A4F8-2D445779D0C1}.Debug|Any CPU.ActiveCfg = Debug|Any CPU
		{27DEDE5D-5478-4559-A4F8-2D445779D0C1}.Debug|Any CPU.Build.0 = Debug|Any CPU
		{27DEDE5D-5478-4559-A4F8-2D445779D0C1}.Release|Any CPU.ActiveCfg = Release|Any CPU
		{27DEDE5D-5478-4559-A4F8-2D445779D0C1}.Release|Any CPU.Build.0 = Release|Any CPU
		{301F0B7B-2AED-42DE-A71F-B6D643CBECBA}.Debug|Any CPU.ActiveCfg = Debug|Any CPU
		{301F0B7B-2AED-42DE-A71F-B6D643CBECBA}.Debug|Any CPU.Build.0 = Debug|Any CPU
		{301F0B7B-2AED-42DE-A71F-B6D643CBECBA}.Release|Any CPU.ActiveCfg = Release|Any CPU
		{301F0B7B-2AED-42DE-A71F-B6D643CBECBA}.Release|Any CPU.Build.0 = Release|Any CPU
		{05980D8B-FF15-46EC-9B23-D5DC50E5AAF5}.Debug|Any CPU.ActiveCfg = Debug|Any CPU
		{05980D8B-FF15-46EC-9B23-D5DC50E5AAF5}.Debug|Any CPU.Build.0 = Debug|Any CPU
		{05980D8B-FF15-46EC-9B23-D5DC50E5AAF5}.Release|Any CPU.ActiveCfg = Release|Any CPU
		{05980D8B-FF15-46EC-9B23-D5DC50E5AAF5}.Release|Any CPU.Build.0 = Release|Any CPU
		{E00A1F9B-3205-4AA7-A865-D54C1B2BF9C6}.Debug|Any CPU.ActiveCfg = Debug|Any CPU
		{E00A1F9B-3205-4AA7-A865-D54C1B2BF9C6}.Debug|Any CPU.Build.0 = Debug|Any CPU
		{E00A1F9B-3205-4AA7-A865-D54C1B2BF9C6}.Release|Any CPU.ActiveCfg = Release|Any CPU
		{E00A1F9B-3205-4AA7-A865-D54C1B2BF9C6}.Release|Any CPU.Build.0 = Release|Any CPU
		{28AA1FD9-E4A3-4B41-B853-2BE474D1F389}.Debug|Any CPU.ActiveCfg = Debug|Any CPU
		{28AA1FD9-E4A3-4B41-B853-2BE474D1F389}.Debug|Any CPU.Build.0 = Debug|Any CPU
		{28AA1FD9-E4A3-4B41-B853-2BE474D1F389}.Release|Any CPU.ActiveCfg = Release|Any CPU
		{28AA1FD9-E4A3-4B41-B853-2BE474D1F389}.Release|Any CPU.Build.0 = Release|Any CPU
	EndGlobalSection
	GlobalSection(SolutionProperties) = preSolution
		HideSolutionNode = FALSE
	EndGlobalSection
	GlobalSection(NestedProjects) = preSolution
		{74A1F2D1-A9FB-4ECD-BC71-C571593C7C28} = {35371193-9BDB-40BE-9101-CD1469ACF4FC}
		{759C344E-5128-4006-8AEB-39379FE28726} = {35371193-9BDB-40BE-9101-CD1469ACF4FC}
		{03E1AA72-31D0-4B08-8A81-276A4D6B3A6B} = {35371193-9BDB-40BE-9101-CD1469ACF4FC}
		{133047D9-F643-4BDB-B900-F461BAD805CE} = {1D07ED07-992B-4BF7-BF11-DBAE2E894ABE}
		{777C6EFC-0EBA-41DE-B5AA-753C1B2935D8} = {1D07ED07-992B-4BF7-BF11-DBAE2E894ABE}
		{EABE75AB-545C-480A-AA4C-381AAF728EBA} = {1D07ED07-992B-4BF7-BF11-DBAE2E894ABE}
		{06D5DFBA-5673-4497-A52E-E8DB8AEB2883} = {DCC0DDCF-6CA0-4F2D-9BF9-3870860E0186}
		{A2FA1117-1D66-4BE3-BA42-A34552100112} = {DCC0DDCF-6CA0-4F2D-9BF9-3870860E0186}
		{C2867D18-8988-438E-9B71-E2D5D1FC67A4} = {DCC0DDCF-6CA0-4F2D-9BF9-3870860E0186}
		{3085C9D4-966F-4837-9193-DA1182AF4636} = {C8EC5F5A-6C15-4BD1-A795-5BBD63D91CA2}
		{27DEDE5D-5478-4559-A4F8-2D445779D0C1} = {C8EC5F5A-6C15-4BD1-A795-5BBD63D91CA2}
		{301F0B7B-2AED-42DE-A71F-B6D643CBECBA} = {C8EC5F5A-6C15-4BD1-A795-5BBD63D91CA2}
		{05980D8B-FF15-46EC-9B23-D5DC50E5AAF5} = {23D6AF1C-C97D-41FB-8ECD-4B8D2A2A7D92}
		{E00A1F9B-3205-4AA7-A865-D54C1B2BF9C6} = {23D6AF1C-C97D-41FB-8ECD-4B8D2A2A7D92}
		{28AA1FD9-E4A3-4B41-B853-2BE474D1F389} = {23D6AF1C-C97D-41FB-8ECD-4B8D2A2A7D92}
	EndGlobalSection
	GlobalSection(ExtensibilityGlobals) = postSolution
		SolutionGuid = {B74996B4-4CC3-4E2E-B281-C018081352E6}
	EndGlobalSection
EndGlobal
